
Microsoft Visual Studio Solution File, Format Version 12.00
# Visual Studio Version 16
VisualStudioVersion = 16.0.32929.386
MinimumVisualStudioVersion = 10.0.40219.1
Project("{FAE04EC0-301F-11D3-BF4B-00C04F79EFBC}") = "EscolaApp", "EscolaApp\EscolaApp.csproj", "{A6B6DCF4-3882-46D3-90AA-C73C395DA1BA}"
EndProject
Global
	GlobalSection(SolutionConfigurationPlatforms) = preSolution
		Debug|Any CPU = Debug|Any CPU
		Release|Any CPU = Release|Any CPU
	EndGlobalSection
	GlobalSection(ProjectConfigurationPlatforms) = postSolution
		{A6B6DCF4-3882-46D3-90AA-C73C395DA1BA}.Debug|Any CPU.ActiveCfg = Debug|Any CPU
		{A6B6DCF4-3882-46D3-90AA-C73C395DA1BA}.Debug|Any CPU.Build.0 = Debug|Any CPU
		{A6B6DCF4-3882-46D3-90AA-C73C395DA1BA}.Release|Any CPU.ActiveCfg = Release|Any CPU
		{A6B6DCF4-3882-46D3-90AA-C73C395DA1BA}.Release|Any CPU.Build.0 = Release|Any CPU
	EndGlobalSection
	GlobalSection(SolutionProperties) = preSolution
		HideSolutionNode = FALSE
	EndGlobalSection
	GlobalSection(ExtensibilityGlobals) = postSolution
		SolutionGuid = {0099C695-167E-4A8B-B1D6-50ED8797798A}
	EndGlobalSection
EndGlobal
